
Microsoft Visual Studio Solution File, Format Version 12.00
# Visual Studio Version 17
VisualStudioVersion = 17.1.32210.238
MinimumVisualStudioVersion = 10.0.40219.1
Project("{FAE04EC0-301F-11D3-BF4B-00C04F79EFBC}") = "ToDoApi", "ToDoApi\ToDoApi.csproj", "{B0C0422A-B558-46A7-AA84-350D0943B1E8}"
EndProject
Global
	GlobalSection(SolutionConfigurationPlatforms) = preSolution
		Debug|Any CPU = Debug|Any CPU
		Release|Any CPU = Release|Any CPU
	EndGlobalSection
	GlobalSection(ProjectConfigurationPlatforms) = postSolution
		{B0C0422A-B558-46A7-AA84-350D0943B1E8}.Debug|Any CPU.ActiveCfg = Debug|Any CPU
		{B0C0422A-B558-46A7-AA84-350D0943B1E8}.Debug|Any CPU.Build.0 = Debug|Any CPU
		{B0C0422A-B558-46A7-AA84-350D0943B1E8}.Release|Any CPU.ActiveCfg = Release|Any CPU
		{B0C0422A-B558-46A7-AA84-350D0943B1E8}.Release|Any CPU.Build.0 = Release|Any CPU
	EndGlobalSection
	GlobalSection(SolutionProperties) = preSolution
		HideSolutionNode = FALSE
	EndGlobalSection
	GlobalSection(ExtensibilityGlobals) = postSolution
		SolutionGuid = {48E53CB0-4F15-478F-8D05-61D513D29059}
	EndGlobalSection
EndGlobal
