
Microsoft Visual Studio Solution File, Format Version 12.00
# Visual Studio Version 17
VisualStudioVersion = 17.0.31919.166
MinimumVisualStudioVersion = 10.0.40219.1
Project("{FAE04EC0-301F-11D3-BF4B-00C04F79EFBC}") = "RockPaperScissorsApp.App", "RockPaperScissorsApp.App\RockPaperScissorsApp.App.csproj", "{BDA0ED85-3B8D-48E8-B4ED-A0CA0C8FF559}"
EndProject
Global
	GlobalSection(SolutionConfigurationPlatforms) = preSolution
		Debug|Any CPU = Debug|Any CPU
		Release|Any CPU = Release|Any CPU
	EndGlobalSection
	GlobalSection(ProjectConfigurationPlatforms) = postSolution
		{BDA0ED85-3B8D-48E8-B4ED-A0CA0C8FF559}.Debug|Any CPU.ActiveCfg = Debug|Any CPU
		{BDA0ED85-3B8D-48E8-B4ED-A0CA0C8FF559}.Debug|Any CPU.Build.0 = Debug|Any CPU
		{BDA0ED85-3B8D-48E8-B4ED-A0CA0C8FF559}.Release|Any CPU.ActiveCfg = Release|Any CPU
		{BDA0ED85-3B8D-48E8-B4ED-A0CA0C8FF559}.Release|Any CPU.Build.0 = Release|Any CPU
	EndGlobalSection
	GlobalSection(SolutionProperties) = preSolution
		HideSolutionNode = FALSE
	EndGlobalSection
	GlobalSection(ExtensibilityGlobals) = postSolution
		SolutionGuid = {53102BAD-1689-4134-AF16-7900632C3A2D}
	EndGlobalSection
EndGlobal
